<Solution>
  <Project Path="Sheenam.Api.Infrastructure.Build/Sheenam.Api.Infrastructure.Build.csproj" Id="b51d9624-e2e3-4b50-874b-479dafd175b7">
    <Build Solution="Debug|*" Project="false" />
  </Project>
  <Project Path="Sheenam.Api.Unit.Tests/Sheenam.Api.Unit.Tests.csproj" Id="bcfc40f9-ac60-4f51-8f1e-0788a5d86e63" />
  <Project Path="Sheenam.Api/Sheenam.Api.csproj" />
</Solution>
